
Microsoft Visual Studio Solution File, Format Version 12.00
# Visual Studio Version 16
VisualStudioVersion = 16.0.30413.136
MinimumVisualStudioVersion = 10.0.40219.1
Project("{9A19103F-16F7-4668-BE54-9A1E7A4F7556}") = "Csh_project", "Csh_project\Csh_project.csproj", "{0F0D8FCA-D54D-43A8-AF02-F7BA3E686A1C}"
EndProject
Global
	GlobalSection(SolutionConfigurationPlatforms) = preSolution
		Debug|Any CPU = Debug|Any CPU
		Release|Any CPU = Release|Any CPU
	EndGlobalSection
	GlobalSection(ProjectConfigurationPlatforms) = postSolution
		{0F0D8FCA-D54D-43A8-AF02-F7BA3E686A1C}.Debug|Any CPU.ActiveCfg = Debug|Any CPU
		{0F0D8FCA-D54D-43A8-AF02-F7BA3E686A1C}.Debug|Any CPU.Build.0 = Debug|Any CPU
		{0F0D8FCA-D54D-43A8-AF02-F7BA3E686A1C}.Release|Any CPU.ActiveCfg = Release|Any CPU
		{0F0D8FCA-D54D-43A8-AF02-F7BA3E686A1C}.Release|Any CPU.Build.0 = Release|Any CPU
	EndGlobalSection
	GlobalSection(SolutionProperties) = preSolution
		HideSolutionNode = FALSE
	EndGlobalSection
	GlobalSection(ExtensibilityGlobals) = postSolution
		SolutionGuid = {6F3F675A-680B-4DAF-9CF4-4D6C720AABFD}
	EndGlobalSection
EndGlobal
